
Microsoft Visual Studio Solution File, Format Version 12.00
# Visual Studio Version 17
VisualStudioVersion = 17.0.31903.59
MinimumVisualStudioVersion = 10.0.40219.1
Project("{2150E333-8FDC-42A3-9474-1A3956D46DE8}") = "src", "src", "{827E0CD3-B72D-47B6-A68D-7590B98EB39B}"
EndProject
Project("{2150E333-8FDC-42A3-9474-1A3956D46DE8}") = "Services", "Services", "{984BB9B3-3FA3-BE33-9484-CAC21695A33C}"
EndProject
Project("{2150E333-8FDC-42A3-9474-1A3956D46DE8}") = "IdentityService", "IdentityService", "{3D2E8631-8982-4CD8-85A8-437089729894}"
EndProject
Project("{FAE04EC0-301F-11D3-BF4B-00C04F79EFBC}") = "IdentityService.Api", "src\Services\IdentityService\IdentityService.Api\IdentityService.Api.csproj", "{D151FD70-6114-48B7-8AAC-74DD6F778711}"
EndProject
Project("{FAE04EC0-301F-11D3-BF4B-00C04F79EFBC}") = "IdentityService.Application", "src\Services\IdentityService\IdentityService.Application\IdentityService.Application.csproj", "{84712C19-0E82-4A5B-9A4A-AC11F9860EEF}"
EndProject
Project("{FAE04EC0-301F-11D3-BF4B-00C04F79EFBC}") = "IdentityService.Domain", "src\Services\IdentityService\IdentityService.Domain\IdentityService.Domain.csproj", "{F6DE064C-F0CD-47E4-BEBC-9003BC004597}"
EndProject
Project("{FAE04EC0-301F-11D3-BF4B-00C04F79EFBC}") = "IdentityService.Infrastructure", "src\Services\IdentityService\IdentityService.Infrastructure\IdentityService.Infrastructure.csproj", "{9D7612A4-8E39-4460-A938-140CCB5245DC}"
EndProject
Project("{2150E333-8FDC-42A3-9474-1A3956D46DE8}") = "docker", "docker", "{02EA681E-C7D8-13C7-8484-4AC65E1B71E8}"
	ProjectSection(SolutionItems) = preProject
		.env = .env
		docker-compose.override.prod.yml = docker-compose.override.prod.yml
		docker-compose.yml = docker-compose.yml
	EndProjectSection
EndProject
Project("{2150E333-8FDC-42A3-9474-1A3956D46DE8}") = "IdentityServerService", "IdentityServerService", "{C427850D-E7CA-7EAF-5544-74B254A44602}"
EndProject
Project("{FAE04EC0-301F-11D3-BF4B-00C04F79EFBC}") = "IdentityServerService", "src\Services\IdentityServerService\IdentityServerService\IdentityServerService.csproj", "{58C9490A-B027-4CF1-B730-79CA9DD859A9}"
EndProject
Project("{2150E333-8FDC-42A3-9474-1A3956D46DE8}") = "BlogService", "BlogService", "{2F6E261A-D825-762E-792D-C5157FAE5C25}"
EndProject
Project("{FAE04EC0-301F-11D3-BF4B-00C04F79EFBC}") = "BlogService.Domain", "src\Services\BlogService\BlogService.Domain\BlogService.Domain.csproj", "{D3176174-6FA9-4E12-A0C8-7B2391BBAEF2}"
EndProject
Project("{FAE04EC0-301F-11D3-BF4B-00C04F79EFBC}") = "BlogService.Application", "src\Services\BlogService\BlogService.Application\BlogService.Application.csproj", "{94EE7339-B5FF-4AA3-96E7-C454CC4991F0}"
EndProject
Project("{FAE04EC0-301F-11D3-BF4B-00C04F79EFBC}") = "BlogService.Infrastructure", "src\Services\BlogService\BlogService.Infrastructure\BlogService.Infrastructure.csproj", "{36EF7543-AC84-408E-923B-E17A177CA050}"
EndProject
Project("{FAE04EC0-301F-11D3-BF4B-00C04F79EFBC}") = "BlogService.Api", "src\Services\BlogService\BlogService.Api\BlogService.Api.csproj", "{01B4E3E0-C773-49A8-9BA1-4F81F76281E9}"
EndProject
Project("{2150E333-8FDC-42A3-9474-1A3956D46DE8}") = "MonitoringService", "MonitoringService", "{32E8345E-BF2B-4FFA-93F4-3969473B6453}"
EndProject
Project("{FAE04EC0-301F-11D3-BF4B-00C04F79EFBC}") = "MonitoringService", "src\Services\MonitoringService\MonitoringService\MonitoringService.csproj", "{89910106-9ADD-E59D-589A-93648210B01C}"
EndProject
Project("{2150E333-8FDC-42A3-9474-1A3956D46DE8}") = "BuildingBlocks", "BuildingBlocks", "{32B04B95-0F19-489F-A227-4F621FDD7B8F}"
EndProject
Project("{FAE04EC0-301F-11D3-BF4B-00C04F79EFBC}") = "Shared.Events", "src\BuildingBlocks\Shared.Events\Shared.Events.csproj", "{C92151FE-AADB-0C04-33DD-2ABDC26660F2}"
EndProject
Project("{2150E333-8FDC-42A3-9474-1A3956D46DE8}") = "DirectoryPackagesProps", "DirectoryPackagesProps", "{8EC462FD-D22E-90A8-E5CE-7E832BA40C5D}"
	ProjectSection(SolutionItems) = preProject
		Directory.Packages.props = Directory.Packages.props
	EndProjectSection
EndProject
Project("{2150E333-8FDC-42A3-9474-1A3956D46DE8}") = "WorkerService", "WorkerService", "{7374D84C-6FF8-41BA-9D0B-6DCC94E90099}"
EndProject
Project("{FAE04EC0-301F-11D3-BF4B-00C04F79EFBC}") = "Blinkr.Projections.Worker", "src\Services\WorkerService\Blinkr.Projections.Worker\Blinkr.Projections.Worker.csproj", "{7D33D89D-9A25-48D8-0992-DA3615AEE513}"
EndProject
Global
	GlobalSection(SolutionConfigurationPlatforms) = preSolution
		Debug|Any CPU = Debug|Any CPU
		Debug|x64 = Debug|x64
		Debug|x86 = Debug|x86
		Release|Any CPU = Release|Any CPU
		Release|x64 = Release|x64
		Release|x86 = Release|x86
	EndGlobalSection
	GlobalSection(ProjectConfigurationPlatforms) = postSolution
		{D151FD70-6114-48B7-8AAC-74DD6F778711}.Debug|Any CPU.ActiveCfg = Debug|Any CPU
		{D151FD70-6114-48B7-8AAC-74DD6F778711}.Debug|Any CPU.Build.0 = Debug|Any CPU
		{D151FD70-6114-48B7-8AAC-74DD6F778711}.Debug|x64.ActiveCfg = Debug|Any CPU
		{D151FD70-6114-48B7-8AAC-74DD6F778711}.Debug|x64.Build.0 = Debug|Any CPU
		{D151FD70-6114-48B7-8AAC-74DD6F778711}.Debug|x86.ActiveCfg = Debug|Any CPU
		{D151FD70-6114-48B7-8AAC-74DD6F778711}.Debug|x86.Build.0 = Debug|Any CPU
		{D151FD70-6114-48B7-8AAC-74DD6F778711}.Release|Any CPU.ActiveCfg = Release|Any CPU
		{D151FD70-6114-48B7-8AAC-74DD6F778711}.Release|Any CPU.Build.0 = Release|Any CPU
		{D151FD70-6114-48B7-8AAC-74DD6F778711}.Release|x64.ActiveCfg = Release|Any CPU
		{D151FD70-6114-48B7-8AAC-74DD6F778711}.Release|x64.Build.0 = Release|Any CPU
		{D151FD70-6114-48B7-8AAC-74DD6F778711}.Release|x86.ActiveCfg = Release|Any CPU
		{D151FD70-6114-48B7-8AAC-74DD6F778711}.Release|x86.Build.0 = Release|Any CPU
		{84712C19-0E82-4A5B-9A4A-AC11F9860EEF}.Debug|Any CPU.ActiveCfg = Debug|Any CPU
		{84712C19-0E82-4A5B-9A4A-AC11F9860EEF}.Debug|Any CPU.Build.0 = Debug|Any CPU
		{84712C19-0E82-4A5B-9A4A-AC11F9860EEF}.Debug|x64.ActiveCfg = Debug|Any CPU
		{84712C19-0E82-4A5B-9A4A-AC11F9860EEF}.Debug|x64.Build.0 = Debug|Any CPU
		{84712C19-0E82-4A5B-9A4A-AC11F9860EEF}.Debug|x86.ActiveCfg = Debug|Any CPU
		{84712C19-0E82-4A5B-9A4A-AC11F9860EEF}.Debug|x86.Build.0 = Debug|Any CPU
		{84712C19-0E82-4A5B-9A4A-AC11F9860EEF}.Release|Any CPU.ActiveCfg = Release|Any CPU
		{84712C19-0E82-4A5B-9A4A-AC11F9860EEF}.Release|Any CPU.Build.0 = Release|Any CPU
		{84712C19-0E82-4A5B-9A4A-AC11F9860EEF}.Release|x64.ActiveCfg = Release|Any CPU
		{84712C19-0E82-4A5B-9A4A-AC11F9860EEF}.Release|x64.Build.0 = Release|Any CPU
		{84712C19-0E82-4A5B-9A4A-AC11F9860EEF}.Release|x86.ActiveCfg = Release|Any CPU
		{84712C19-0E82-4A5B-9A4A-AC11F9860EEF}.Release|x86.Build.0 = Release|Any CPU
		{F6DE064C-F0CD-47E4-BEBC-9003BC004597}.Debug|Any CPU.ActiveCfg = Debug|Any CPU
		{F6DE064C-F0CD-47E4-BEBC-9003BC004597}.Debug|Any CPU.Build.0 = Debug|Any CPU
		{F6DE064C-F0CD-47E4-BEBC-9003BC004597}.Debug|x64.ActiveCfg = Debug|Any CPU
		{F6DE064C-F0CD-47E4-BEBC-9003BC004597}.Debug|x64.Build.0 = Debug|Any CPU
		{F6DE064C-F0CD-47E4-BEBC-9003BC004597}.Debug|x86.ActiveCfg = Debug|Any CPU
		{F6DE064C-F0CD-47E4-BEBC-9003BC004597}.Debug|x86.Build.0 = Debug|Any CPU
		{F6DE064C-F0CD-47E4-BEBC-9003BC004597}.Release|Any CPU.ActiveCfg = Release|Any CPU
		{F6DE064C-F0CD-47E4-BEBC-9003BC004597}.Release|Any CPU.Build.0 = Release|Any CPU
		{F6DE064C-F0CD-47E4-BEBC-9003BC004597}.Release|x64.ActiveCfg = Release|Any CPU
		{F6DE064C-F0CD-47E4-BEBC-9003BC004597}.Release|x64.Build.0 = Release|Any CPU
		{F6DE064C-F0CD-47E4-BEBC-9003BC004597}.Release|x86.ActiveCfg = Release|Any CPU
		{F6DE064C-F0CD-47E4-BEBC-9003BC004597}.Release|x86.Build.0 = Release|Any CPU
		{9D7612A4-8E39-4460-A938-140CCB5245DC}.Debug|Any CPU.ActiveCfg = Debug|Any CPU
		{9D7612A4-8E39-4460-A938-140CCB5245DC}.Debug|Any CPU.Build.0 = Debug|Any CPU
		{9D7612A4-8E39-4460-A938-140CCB5245DC}.Debug|x64.ActiveCfg = Debug|Any CPU
		{9D7612A4-8E39-4460-A938-140CCB5245DC}.Debug|x64.Build.0 = Debug|Any CPU
		{9D7612A4-8E39-4460-A938-140CCB5245DC}.Debug|x86.ActiveCfg = Debug|Any CPU
		{9D7612A4-8E39-4460-A938-140CCB5245DC}.Debug|x86.Build.0 = Debug|Any CPU
		{9D7612A4-8E39-4460-A938-140CCB5245DC}.Release|Any CPU.ActiveCfg = Release|Any CPU
		{9D7612A4-8E39-4460-A938-140CCB5245DC}.Release|Any CPU.Build.0 = Release|Any CPU
		{9D7612A4-8E39-4460-A938-140CCB5245DC}.Release|x64.ActiveCfg = Release|Any CPU
		{9D7612A4-8E39-4460-A938-140CCB5245DC}.Release|x64.Build.0 = Release|Any CPU
		{9D7612A4-8E39-4460-A938-140CCB5245DC}.Release|x86.ActiveCfg = Release|Any CPU
		{9D7612A4-8E39-4460-A938-140CCB5245DC}.Release|x86.Build.0 = Release|Any CPU
		{58C9490A-B027-4CF1-B730-79CA9DD859A9}.Debug|Any CPU.ActiveCfg = Debug|Any CPU
		{58C9490A-B027-4CF1-B730-79CA9DD859A9}.Debug|Any CPU.Build.0 = Debug|Any CPU
		{58C9490A-B027-4CF1-B730-79CA9DD859A9}.Debug|x64.ActiveCfg = Debug|Any CPU
		{58C9490A-B027-4CF1-B730-79CA9DD859A9}.Debug|x64.Build.0 = Debug|Any CPU
		{58C9490A-B027-4CF1-B730-79CA9DD859A9}.Debug|x86.ActiveCfg = Debug|Any CPU
		{58C9490A-B027-4CF1-B730-79CA9DD859A9}.Debug|x86.Build.0 = Debug|Any CPU
		{58C9490A-B027-4CF1-B730-79CA9DD859A9}.Release|Any CPU.ActiveCfg = Release|Any CPU
		{58C9490A-B027-4CF1-B730-79CA9DD859A9}.Release|Any CPU.Build.0 = Release|Any CPU
		{58C9490A-B027-4CF1-B730-79CA9DD859A9}.Release|x64.ActiveCfg = Release|Any CPU
		{58C9490A-B027-4CF1-B730-79CA9DD859A9}.Release|x64.Build.0 = Release|Any CPU
		{58C9490A-B027-4CF1-B730-79CA9DD859A9}.Release|x86.ActiveCfg = Release|Any CPU
		{58C9490A-B027-4CF1-B730-79CA9DD859A9}.Release|x86.Build.0 = Release|Any CPU
		{D3176174-6FA9-4E12-A0C8-7B2391BBAEF2}.Debug|Any CPU.ActiveCfg = Debug|Any CPU
		{D3176174-6FA9-4E12-A0C8-7B2391BBAEF2}.Debug|Any CPU.Build.0 = Debug|Any CPU
		{D3176174-6FA9-4E12-A0C8-7B2391BBAEF2}.Debug|x64.ActiveCfg = Debug|Any CPU
		{D3176174-6FA9-4E12-A0C8-7B2391BBAEF2}.Debug|x64.Build.0 = Debug|Any CPU
		{D3176174-6FA9-4E12-A0C8-7B2391BBAEF2}.Debug|x86.ActiveCfg = Debug|Any CPU
		{D3176174-6FA9-4E12-A0C8-7B2391BBAEF2}.Debug|x86.Build.0 = Debug|Any CPU
		{D3176174-6FA9-4E12-A0C8-7B2391BBAEF2}.Release|Any CPU.ActiveCfg = Release|Any CPU
		{D3176174-6FA9-4E12-A0C8-7B2391BBAEF2}.Release|Any CPU.Build.0 = Release|Any CPU
		{D3176174-6FA9-4E12-A0C8-7B2391BBAEF2}.Release|x64.ActiveCfg = Release|Any CPU
		{D3176174-6FA9-4E12-A0C8-7B2391BBAEF2}.Release|x64.Build.0 = Release|Any CPU
		{D3176174-6FA9-4E12-A0C8-7B2391BBAEF2}.Release|x86.ActiveCfg = Release|Any CPU
		{D3176174-6FA9-4E12-A0C8-7B2391BBAEF2}.Release|x86.Build.0 = Release|Any CPU
		{94EE7339-B5FF-4AA3-96E7-C454CC4991F0}.Debug|Any CPU.ActiveCfg = Debug|Any CPU
		{94EE7339-B5FF-4AA3-96E7-C454CC4991F0}.Debug|Any CPU.Build.0 = Debug|Any CPU
		{94EE7339-B5FF-4AA3-96E7-C454CC4991F0}.Debug|x64.ActiveCfg = Debug|Any CPU
		{94EE7339-B5FF-4AA3-96E7-C454CC4991F0}.Debug|x64.Build.0 = Debug|Any CPU
		{94EE7339-B5FF-4AA3-96E7-C454CC4991F0}.Debug|x86.ActiveCfg = Debug|Any CPU
		{94EE7339-B5FF-4AA3-96E7-C454CC4991F0}.Debug|x86.Build.0 = Debug|Any CPU
		{94EE7339-B5FF-4AA3-96E7-C454CC4991F0}.Release|Any CPU.ActiveCfg = Release|Any CPU
		{94EE7339-B5FF-4AA3-96E7-C454CC4991F0}.Release|Any CPU.Build.0 = Release|Any CPU
		{94EE7339-B5FF-4AA3-96E7-C454CC4991F0}.Release|x64.ActiveCfg = Release|Any CPU
		{94EE7339-B5FF-4AA3-96E7-C454CC4991F0}.Release|x64.Build.0 = Release|Any CPU
		{94EE7339-B5FF-4AA3-96E7-C454CC4991F0}.Release|x86.ActiveCfg = Release|Any CPU
		{94EE7339-B5FF-4AA3-96E7-C454CC4991F0}.Release|x86.Build.0 = Release|Any CPU
		{36EF7543-AC84-408E-923B-E17A177CA050}.Debug|Any CPU.ActiveCfg = Debug|Any CPU
		{36EF7543-AC84-408E-923B-E17A177CA050}.Debug|Any CPU.Build.0 = Debug|Any CPU
		{36EF7543-AC84-408E-923B-E17A177CA050}.Debug|x64.ActiveCfg = Debug|Any CPU
		{36EF7543-AC84-408E-923B-E17A177CA050}.Debug|x64.Build.0 = Debug|Any CPU
		{36EF7543-AC84-408E-923B-E17A177CA050}.Debug|x86.ActiveCfg = Debug|Any CPU
		{36EF7543-AC84-408E-923B-E17A177CA050}.Debug|x86.Build.0 = Debug|Any CPU
		{36EF7543-AC84-408E-923B-E17A177CA050}.Release|Any CPU.ActiveCfg = Release|Any CPU
		{36EF7543-AC84-408E-923B-E17A177CA050}.Release|Any CPU.Build.0 = Release|Any CPU
		{36EF7543-AC84-408E-923B-E17A177CA050}.Release|x64.ActiveCfg = Release|Any CPU
		{36EF7543-AC84-408E-923B-E17A177CA050}.Release|x64.Build.0 = Release|Any CPU
		{36EF7543-AC84-408E-923B-E17A177CA050}.Release|x86.ActiveCfg = Release|Any CPU
		{36EF7543-AC84-408E-923B-E17A177CA050}.Release|x86.Build.0 = Release|Any CPU
		{01B4E3E0-C773-49A8-9BA1-4F81F76281E9}.Debug|Any CPU.ActiveCfg = Debug|Any CPU
		{01B4E3E0-C773-49A8-9BA1-4F81F76281E9}.Debug|Any CPU.Build.0 = Debug|Any CPU
		{01B4E3E0-C773-49A8-9BA1-4F81F76281E9}.Debug|x64.ActiveCfg = Debug|Any CPU
		{01B4E3E0-C773-49A8-9BA1-4F81F76281E9}.Debug|x64.Build.0 = Debug|Any CPU
		{01B4E3E0-C773-49A8-9BA1-4F81F76281E9}.Debug|x86.ActiveCfg = Debug|Any CPU
		{01B4E3E0-C773-49A8-9BA1-4F81F76281E9}.Debug|x86.Build.0 = Debug|Any CPU
		{01B4E3E0-C773-49A8-9BA1-4F81F76281E9}.Release|Any CPU.ActiveCfg = Release|Any CPU
		{01B4E3E0-C773-49A8-9BA1-4F81F76281E9}.Release|Any CPU.Build.0 = Release|Any CPU
		{01B4E3E0-C773-49A8-9BA1-4F81F76281E9}.Release|x64.ActiveCfg = Release|Any CPU
		{01B4E3E0-C773-49A8-9BA1-4F81F76281E9}.Release|x64.Build.0 = Release|Any CPU
		{01B4E3E0-C773-49A8-9BA1-4F81F76281E9}.Release|x86.ActiveCfg = Release|Any CPU
		{01B4E3E0-C773-49A8-9BA1-4F81F76281E9}.Release|x86.Build.0 = Release|Any CPU
		{89910106-9ADD-E59D-589A-93648210B01C}.Debug|Any CPU.ActiveCfg = Debug|Any CPU
		{89910106-9ADD-E59D-589A-93648210B01C}.Debug|Any CPU.Build.0 = Debug|Any CPU
		{89910106-9ADD-E59D-589A-93648210B01C}.Debug|x64.ActiveCfg = Debug|Any CPU
		{89910106-9ADD-E59D-589A-93648210B01C}.Debug|x64.Build.0 = Debug|Any CPU
		{89910106-9ADD-E59D-589A-93648210B01C}.Debug|x86.ActiveCfg = Debug|Any CPU
		{89910106-9ADD-E59D-589A-93648210B01C}.Debug|x86.Build.0 = Debug|Any CPU
		{89910106-9ADD-E59D-589A-93648210B01C}.Release|Any CPU.ActiveCfg = Release|Any CPU
		{89910106-9ADD-E59D-589A-93648210B01C}.Release|Any CPU.Build.0 = Release|Any CPU
		{89910106-9ADD-E59D-589A-93648210B01C}.Release|x64.ActiveCfg = Release|Any CPU
		{89910106-9ADD-E59D-589A-93648210B01C}.Release|x64.Build.0 = Release|Any CPU
		{89910106-9ADD-E59D-589A-93648210B01C}.Release|x86.ActiveCfg = Release|Any CPU
		{89910106-9ADD-E59D-589A-93648210B01C}.Release|x86.Build.0 = Release|Any CPU
		{C92151FE-AADB-0C04-33DD-2ABDC26660F2}.Debug|Any CPU.ActiveCfg = Debug|Any CPU
		{C92151FE-AADB-0C04-33DD-2ABDC26660F2}.Debug|Any CPU.Build.0 = Debug|Any CPU
		{C92151FE-AADB-0C04-33DD-2ABDC26660F2}.Debug|x64.ActiveCfg = Debug|Any CPU
		{C92151FE-AADB-0C04-33DD-2ABDC26660F2}.Debug|x64.Build.0 = Debug|Any CPU
		{C92151FE-AADB-0C04-33DD-2ABDC26660F2}.Debug|x86.ActiveCfg = Debug|Any CPU
		{C92151FE-AADB-0C04-33DD-2ABDC26660F2}.Debug|x86.Build.0 = Debug|Any CPU
		{C92151FE-AADB-0C04-33DD-2ABDC26660F2}.Release|Any CPU.ActiveCfg = Release|Any CPU
		{C92151FE-AADB-0C04-33DD-2ABDC26660F2}.Release|Any CPU.Build.0 = Release|Any CPU
		{C92151FE-AADB-0C04-33DD-2ABDC26660F2}.Release|x64.ActiveCfg = Release|Any CPU
		{C92151FE-AADB-0C04-33DD-2ABDC26660F2}.Release|x64.Build.0 = Release|Any CPU
		{C92151FE-AADB-0C04-33DD-2ABDC26660F2}.Release|x86.ActiveCfg = Release|Any CPU
		{C92151FE-AADB-0C04-33DD-2ABDC26660F2}.Release|x86.Build.0 = Release|Any CPU
		{7D33D89D-9A25-48D8-0992-DA3615AEE513}.Debug|Any CPU.ActiveCfg = Debug|Any CPU
		{7D33D89D-9A25-48D8-0992-DA3615AEE513}.Debug|Any CPU.Build.0 = Debug|Any CPU
		{7D33D89D-9A25-48D8-0992-DA3615AEE513}.Debug|x64.ActiveCfg = Debug|Any CPU
		{7D33D89D-9A25-48D8-0992-DA3615AEE513}.Debug|x64.Build.0 = Debug|Any CPU
		{7D33D89D-9A25-48D8-0992-DA3615AEE513}.Debug|x86.ActiveCfg = Debug|Any CPU
		{7D33D89D-9A25-48D8-0992-DA3615AEE513}.Debug|x86.Build.0 = Debug|Any CPU
		{7D33D89D-9A25-48D8-0992-DA3615AEE513}.Release|Any CPU.ActiveCfg = Release|Any CPU
		{7D33D89D-9A25-48D8-0992-DA3615AEE513}.Release|Any CPU.Build.0 = Release|Any CPU
		{7D33D89D-9A25-48D8-0992-DA3615AEE513}.Release|x64.ActiveCfg = Release|Any CPU
		{7D33D89D-9A25-48D8-0992-DA3615AEE513}.Release|x64.Build.0 = Release|Any CPU
		{7D33D89D-9A25-48D8-0992-DA3615AEE513}.Release|x86.ActiveCfg = Release|Any CPU
		{7D33D89D-9A25-48D8-0992-DA3615AEE513}.Release|x86.Build.0 = Release|Any CPU
	EndGlobalSection
	GlobalSection(SolutionProperties) = preSolution
		HideSolutionNode = FALSE
	EndGlobalSection
	GlobalSection(NestedProjects) = preSolution
		{984BB9B3-3FA3-BE33-9484-CAC21695A33C} = {827E0CD3-B72D-47B6-A68D-7590B98EB39B}
		{3D2E8631-8982-4CD8-85A8-437089729894} = {984BB9B3-3FA3-BE33-9484-CAC21695A33C}
		{D151FD70-6114-48B7-8AAC-74DD6F778711} = {3D2E8631-8982-4CD8-85A8-437089729894}
		{84712C19-0E82-4A5B-9A4A-AC11F9860EEF} = {3D2E8631-8982-4CD8-85A8-437089729894}
		{F6DE064C-F0CD-47E4-BEBC-9003BC004597} = {3D2E8631-8982-4CD8-85A8-437089729894}
		{9D7612A4-8E39-4460-A938-140CCB5245DC} = {3D2E8631-8982-4CD8-85A8-437089729894}
		{C427850D-E7CA-7EAF-5544-74B254A44602} = {984BB9B3-3FA3-BE33-9484-CAC21695A33C}
		{58C9490A-B027-4CF1-B730-79CA9DD859A9} = {C427850D-E7CA-7EAF-5544-74B254A44602}
		{2F6E261A-D825-762E-792D-C5157FAE5C25} = {984BB9B3-3FA3-BE33-9484-CAC21695A33C}
		{D3176174-6FA9-4E12-A0C8-7B2391BBAEF2} = {2F6E261A-D825-762E-792D-C5157FAE5C25}
		{94EE7339-B5FF-4AA3-96E7-C454CC4991F0} = {2F6E261A-D825-762E-792D-C5157FAE5C25}
		{36EF7543-AC84-408E-923B-E17A177CA050} = {2F6E261A-D825-762E-792D-C5157FAE5C25}
		{01B4E3E0-C773-49A8-9BA1-4F81F76281E9} = {2F6E261A-D825-762E-792D-C5157FAE5C25}
		{32E8345E-BF2B-4FFA-93F4-3969473B6453} = {984BB9B3-3FA3-BE33-9484-CAC21695A33C}
		{89910106-9ADD-E59D-589A-93648210B01C} = {32E8345E-BF2B-4FFA-93F4-3969473B6453}
		{32B04B95-0F19-489F-A227-4F621FDD7B8F} = {827E0CD3-B72D-47B6-A68D-7590B98EB39B}
		{C92151FE-AADB-0C04-33DD-2ABDC26660F2} = {32B04B95-0F19-489F-A227-4F621FDD7B8F}
		{7374D84C-6FF8-41BA-9D0B-6DCC94E90099} = {984BB9B3-3FA3-BE33-9484-CAC21695A33C}
		{7D33D89D-9A25-48D8-0992-DA3615AEE513} = {7374D84C-6FF8-41BA-9D0B-6DCC94E90099}
	EndGlobalSection
	GlobalSection(ExtensibilityGlobals) = postSolution
		SolutionGuid = {D7213852-79CA-438C-9B32-C32500ACB027}
	EndGlobalSection
EndGlobal
